<?xml version="1.0" encoding="utf-8"?>
<Project ToolsVersion="4.0" xmlns="http://schemas.microsoft.com/developer/msbuild/2003">
  <ItemGroup>
    <Filter Include="Source Files">
      <UniqueIdentifier>{4FC737F1-C7A5-4376-A066-2A32D752A2FF}</UniqueIdentifier>
      <Extensions>cpp;c;cc;cxx;def;odl;idl;hpj;bat;asm;asmx</Extensions>
    </Filter>
    <Filter Include="Header Files">
      <UniqueIdentifier>{93995380-89BD-4b04-88EB-625FBE52EBFB}</UniqueIdentifier>
      <Extensions>h;hh;hpp;hxx;hm;inl;inc;xsd</Extensions>
    </Filter>
    <Filter Include="Source Files\Resources">
      <UniqueIdentifier>{85184da8-2243-4f57-920a-4eb617c303fc}</UniqueIdentifier>
    </Filter>
  </ItemGroup>
  <ItemGroup>
    <ClCompile Include="main.cpp">
      <Filter>Source Files</Filter>
    </ClCompile>
    <ClCompile Include="Game.cpp">
      <Filter>Source Files</Filter>
    </ClCompile>
    <ClCompile Include="MenuState.cpp">
      <Filter>Source Files</Filter>
    </ClCompile>
    <ClCompile Include="PlayState.cpp">
      <Filter>Source Files</Filter>
    </ClCompile>
    <ClCompile Include="Vector2D.cpp">
      <Filter>Source Files</Filter>
    </ClCompile>
    <ClCompile Include="Tower.cpp">
      <Filter>Source Files</Filter>
    </ClCompile>
    <ClCompile Include="LTexture.cpp">
      <Filter>Source Files</Filter>
    </ClCompile>
    <ClCompile Include="LButton.cpp">
      <Filter>Source Files</Filter>
    </ClCompile>
    <ClCompile Include="Minion.cpp">
      <Filter>Source Files</Filter>
    </ClCompile>
    <ClCompile Include="Timer.cpp">
      <Filter>Source Files</Filter>
    </ClCompile>
    <ClCompile Include="Path.cpp">
      <Filter>Source Files</Filter>
    </ClCompile>
    <ClCompile Include="HeavyMinion.cpp">
      <Filter>Source Files</Filter>
    </ClCompile>
    <ClCompile Include="TowerFactory.cpp">
      <Filter>Source Files</Filter>
    </ClCompile>
    <ClCompile Include="MinionFactory.cpp">
      <Filter>Source Files</Filter>
    </ClCompile>
    <ClCompile Include="Projectile.cpp">
      <Filter>Source Files</Filter>
    </ClCompile>
    <ClCompile Include="QuitState.cpp">
      <Filter>Source Files</Filter>
    </ClCompile>
    <ClCompile Include="Health.cpp">
      <Filter>Source Files</Filter>
    </ClCompile>
    <ClCompile Include="Upgradeable.cpp">
      <Filter>Source Files</Filter>
    </ClCompile>
    <ClCompile Include="Damage.cpp">
      <Filter>Source Files</Filter>
    </ClCompile>
    <ClCompile Include="Score.cpp">
      <Filter>Source Files</Filter>
    </ClCompile>
  </ItemGroup>
  <ItemGroup>
    <ClInclude Include="Game.h">
      <Filter>Header Files</Filter>
    </ClInclude>
    <ClInclude Include="GameState.h">
      <Filter>Header Files</Filter>
    </ClInclude>
    <ClInclude Include="MenuState.h">
      <Filter>Header Files</Filter>
    </ClInclude>
    <ClInclude Include="PlayState.h">
      <Filter>Header Files</Filter>
    </ClInclude>
    <ClInclude Include="Vector2D.h">
      <Filter>Header Files</Filter>
    </ClInclude>
    <ClInclude Include="GameObject.h">
      <Filter>Header Files</Filter>
    </ClInclude>
    <ClInclude Include="Tower.h">
      <Filter>Header Files</Filter>
    </ClInclude>
    <ClInclude Include="LTexture.h">
      <Filter>Header Files</Filter>
    </ClInclude>
    <ClInclude Include="LButton.h">
      <Filter>Header Files</Filter>
    </ClInclude>
    <ClInclude Include="Minion.h">
      <Filter>Header Files</Filter>
    </ClInclude>
    <ClInclude Include="Timer.h">
      <Filter>Header Files</Filter>
    </ClInclude>
    <ClInclude Include="Path.h">
      <Filter>Header Files</Filter>
    </ClInclude>
    <ClInclude Include="HeavyMinion.h">
      <Filter>Header Files</Filter>
    </ClInclude>
    <ClInclude Include="TowerFactory.h">
      <Filter>Header Files</Filter>
    </ClInclude>
    <ClInclude Include="MinionFactory.h">
      <Filter>Header Files</Filter>
    </ClInclude>
    <ClInclude Include="Projectile.h">
      <Filter>Header Files</Filter>
    </ClInclude>
    <ClInclude Include="QuitState.h">
      <Filter>Header Files</Filter>
    </ClInclude>
    <ClInclude Include="Health.h">
      <Filter>Header Files</Filter>
    </ClInclude>
    <ClInclude Include="Upgradeable.h">
      <Filter>Header Files</Filter>
    </ClInclude>
    <ClInclude Include="Damage.h">
      <Filter>Header Files</Filter>
    </ClInclude>
    <ClInclude Include="Score.h">
      <Filter>Header Files</Filter>
    </ClInclude>
  </ItemGroup>
  <ItemGroup>
    <Image Include="AboutButton.bmp">
      <Filter>Source Files\Resources</Filter>
    </Image>
    <Image Include="ArrowIcon.bmp">
      <Filter>Source Files\Resources</Filter>
    </Image>
    <Image Include="BlueBlob.bmp">
      <Filter>Source Files\Resources</Filter>
    </Image>
    <Image Include="BlueBlob.png">
      <Filter>Source Files\Resources</Filter>
    </Image>
    <Image Include="BombIcon.bmp">
      <Filter>Source Files\Resources</Filter>
    </Image>
    <Image Include="BuildIcon.bmp">
      <Filter>Source Files\Resources</Filter>
    </Image>
    <Image Include="CancelButton.bmp">
      <Filter>Source Files\Resources</Filter>
    </Image>
    <Image Include="GreenBlob.bmp">
      <Filter>Source Files\Resources</Filter>
    </Image>
    <Image Include="GreenBullet.png">
      <Filter>Source Files\Resources</Filter>
    </Image>
    <Image Include="HelpButton.bmp">
      <Filter>Source Files\Resources</Filter>
    </Image>
    <Image Include="LaserIcon.bmp">
      <Filter>Source Files\Resources</Filter>
    </Image>
    <Image Include="MenuScreen.bmp">
      <Filter>Source Files\Resources</Filter>
    </Image>
    <Image Include="PlayButton.bmp">
      <Filter>Source Files\Resources</Filter>
    </Image>
    <Image Include="PlayScreen.bmp">
      <Filter>Source Files\Resources</Filter>
    </Image>
    <Image Include="PurpleBlob.bmp">
      <Filter>Source Files\Resources</Filter>
    </Image>
    <Image Include="RedBlob.bmp">
      <Filter>Source Files\Resources</Filter>
    </Image>
    <Image Include="Upgrade.bmp">
      <Filter>Source Files\Resources</Filter>
    </Image>
    <Image Include="YellowBlob.bmp">
      <Filter>Source Files\Resources</Filter>
    </Image>
  </ItemGroup>
  <ItemGroup>
    <Font Include="AlexandriaFLF.ttf">
      <Filter>Source Files\Resources</Filter>
    </Font>
  </ItemGroup>
</Project>